// !$*UTF8*$!
{
	archiveVersion = 1;
	classes = {
	};
	objectVersion = 50;
	objects = {

/* Begin PBXBuildFile section */
		3E47A1ED21AB3BD200943E80 /* AnimationsProviderProtocol.swift in Sources */ = {isa = PBXBuildFile; fileRef = 3E47A1EC21AB3BD200943E80 /* AnimationsProviderProtocol.swift */; };
		3E47A1EF21AB52DB00943E80 /* ServerAnimationProvider.swift in Sources */ = {isa = PBXBuildFile; fileRef = 3E47A1EE21AB52DB00943E80 /* ServerAnimationProvider.swift */; };
		3E47A1F221AB5A7800943E80 /* ViewModel.swift in Sources */ = {isa = PBXBuildFile; fileRef = 3E47A1F121AB5A7800943E80 /* ViewModel.swift */; };
		3EB6A12721AAEF1F00E8BF73 /* AppDelegate.swift in Sources */ = {isa = PBXBuildFile; fileRef = 3EB6A12621AAEF1F00E8BF73 /* AppDelegate.swift */; };
		3EB6A12921AAEF1F00E8BF73 /* ViewController.swift in Sources */ = {isa = PBXBuildFile; fileRef = 3EB6A12821AAEF1F00E8BF73 /* ViewController.swift */; };
		3EB6A12C21AAEF1F00E8BF73 /* Main.storyboard in Resources */ = {isa = PBXBuildFile; fileRef = 3EB6A12A21AAEF1F00E8BF73 /* Main.storyboard */; };
		3EB6A12E21AAEF2200E8BF73 /* Assets.xcassets in Resources */ = {isa = PBXBuildFile; fileRef = 3EB6A12D21AAEF2200E8BF73 /* Assets.xcassets */; };
		3EB6A13121AAEF2200E8BF73 /* LaunchScreen.storyboard in Resources */ = {isa = PBXBuildFile; fileRef = 3EB6A12F21AAEF2200E8BF73 /* LaunchScreen.storyboard */; };
		49BF150FD7F07A29CE222ADC /* Pods_ServerProvidedAnimation.framework in Frameworks */ = {isa = PBXBuildFile; fileRef = E7572DAFDAD0D4CAC0A35EE9 /* Pods_ServerProvidedAnimation.framework */; };
/* End PBXBuildFile section */

/* Begin PBXFileReference section */
		2047DE90E4DD25650F7BF606 /* Pods-ServerProvidedAnimation.debug.xcconfig */ = {isa = PBXFileReference; includeInIndex = 1; lastKnownFileType = text.xcconfig; name = "Pods-ServerProvidedAnimation.debug.xcconfig"; path = "Pods/Target Support Files/Pods-ServerProvidedAnimation/Pods-ServerProvidedAnimation.debug.xcconfig"; sourceTree = "<group>"; };
		2BCF1626E0C39431BE8CE27E /* Pods-ServerProvidedAnimation.release.xcconfig */ = {isa = PBXFileReference; includeInIndex = 1; lastKnownFileType = text.xcconfig; name = "Pods-ServerProvidedAnimation.release.xcconfig"; path = "Pods/Target Support Files/Pods-ServerProvidedAnimation/Pods-ServerProvidedAnimation.release.xcconfig"; sourceTree = "<group>"; };
		3E47A1EC21AB3BD200943E80 /* AnimationsProviderProtocol.swift */ = {isa = PBXFileReference; lastKnownFileType = sourcecode.swift; path = AnimationsProviderProtocol.swift; sourceTree = "<group>"; };
		3E47A1EE21AB52DB00943E80 /* ServerAnimationProvider.swift */ = {isa = PBXFileReference; lastKnownFileType = sourcecode.swift; path = ServerAnimationProvider.swift; sourceTree = "<group>"; };
		3E47A1F121AB5A7800943E80 /* ViewModel.swift */ = {isa = PBXFileReference; lastKnownFileType = sourcecode.swift; path = ViewModel.swift; sourceTree = "<group>"; };
		3EB6A12321AAEF1F00E8BF73 /* ServerProvidedAnimation.app */ = {isa = PBXFileReference; explicitFileType = wrapper.application; includeInIndex = 0; path = ServerProvidedAnimation.app; sourceTree = BUILT_PRODUCTS_DIR; };
		3EB6A12621AAEF1F00E8BF73 /* AppDelegate.swift */ = {isa = PBXFileReference; lastKnownFileType = sourcecode.swift; path = AppDelegate.swift; sourceTree = "<group>"; };
		3EB6A12821AAEF1F00E8BF73 /* ViewController.swift */ = {isa = PBXFileReference; lastKnownFileType = sourcecode.swift; path = ViewController.swift; sourceTree = "<group>"; };
		3EB6A12B21AAEF1F00E8BF73 /* Base */ = {isa = PBXFileReference; lastKnownFileType = file.storyboard; name = Base; path = Base.lproj/Main.storyboard; sourceTree = "<group>"; };
		3EB6A12D21AAEF2200E8BF73 /* Assets.xcassets */ = {isa = PBXFileReference; lastKnownFileType = folder.assetcatalog; path = Assets.xcassets; sourceTree = "<group>"; };
		3EB6A13021AAEF2200E8BF73 /* Base */ = {isa = PBXFileReference; lastKnownFileType = file.storyboard; name = Base; path = Base.lproj/LaunchScreen.storyboard; sourceTree = "<group>"; };
		3EB6A13221AAEF2200E8BF73 /* Info.plist */ = {isa = PBXFileReference; lastKnownFileType = text.plist.xml; path = Info.plist; sourceTree = "<group>"; };
		E7572DAFDAD0D4CAC0A35EE9 /* Pods_ServerProvidedAnimation.framework */ = {isa = PBXFileReference; explicitFileType = wrapper.framework; includeInIndex = 0; path = Pods_ServerProvidedAnimation.framework; sourceTree = BUILT_PRODUCTS_DIR; };
/* End PBXFileReference section */

/* Begin PBXFrameworksBuildPhase section */
		3EB6A12021AAEF1F00E8BF73 /* Frameworks */ = {
			isa = PBXFrameworksBuildPhase;
			buildActionMask = 2147483647;
			files = (
				49BF150FD7F07A29CE222ADC /* Pods_ServerProvidedAnimation.framework in Frameworks */,
			);
			runOnlyForDeploymentPostprocessing = 0;
		};
/* End PBXFrameworksBuildPhase section */

/* Begin PBXGroup section */
		3E47A1EA21AB3B8500943E80 /* UI */ = {
			isa = PBXGroup;
			children = (
				3EB6A12A21AAEF1F00E8BF73 /* Main.storyboard */,
				3EB6A12821AAEF1F00E8BF73 /* ViewController.swift */,
			);
			path = UI;
			sourceTree = "<group>";
		};
		3E47A1EB21AB3B8900943E80 /* Model */ = {
			isa = PBXGroup;
			children = (
				3E47A1F021AB5A6800943E80 /* AnimationProvider */,
				3E47A1F121AB5A7800943E80 /* ViewModel.swift */,
			);
			path = Model;
			sourceTree = "<group>";
		};
		3E47A1F021AB5A6800943E80 /* AnimationProvider */ = {
			isa = PBXGroup;
			children = (
				3E47A1EC21AB3BD200943E80 /* AnimationsProviderProtocol.swift */,
				3E47A1EE21AB52DB00943E80 /* ServerAnimationProvider.swift */,
			);
			path = AnimationProvider;
			sourceTree = "<group>";
		};
		3EB6A11A21AAEF1F00E8BF73 = {
			isa = PBXGroup;
			children = (
				3EB6A12521AAEF1F00E8BF73 /* ServerProvidedAnimation */,
				3EB6A12421AAEF1F00E8BF73 /* Products */,
				F7D1083E61720A08AF5DBAD4 /* Pods */,
				CFA91E12D429B242494A70D2 /* Frameworks */,
			);
			sourceTree = "<group>";
		};
		3EB6A12421AAEF1F00E8BF73 /* Products */ = {
			isa = PBXGroup;
			children = (
				3EB6A12321AAEF1F00E8BF73 /* ServerProvidedAnimation.app */,
			);
			name = Products;
			sourceTree = "<group>";
		};
		3EB6A12521AAEF1F00E8BF73 /* ServerProvidedAnimation */ = {
			isa = PBXGroup;
			children = (
				3E47A1EB21AB3B8900943E80 /* Model */,
				3E47A1EA21AB3B8500943E80 /* UI */,
				3EB6A12621AAEF1F00E8BF73 /* AppDelegate.swift */,
				3EB6A12D21AAEF2200E8BF73 /* Assets.xcassets */,
				3EB6A12F21AAEF2200E8BF73 /* LaunchScreen.storyboard */,
				3EB6A13221AAEF2200E8BF73 /* Info.plist */,
			);
			path = ServerProvidedAnimation;
			sourceTree = "<group>";
		};
		CFA91E12D429B242494A70D2 /* Frameworks */ = {
			isa = PBXGroup;
			children = (
				E7572DAFDAD0D4CAC0A35EE9 /* Pods_ServerProvidedAnimation.framework */,
			);
			name = Frameworks;
			sourceTree = "<group>";
		};
		F7D1083E61720A08AF5DBAD4 /* Pods */ = {
			isa = PBXGroup;
			children = (
				2047DE90E4DD25650F7BF606 /* Pods-ServerProvidedAnimation.debug.xcconfig */,
				2BCF1626E0C39431BE8CE27E /* Pods-ServerProvidedAnimation.release.xcconfig */,
			);
			name = Pods;
			sourceTree = "<group>";
		};
/* End PBXGroup section */

/* Begin PBXNativeTarget section */
		3EB6A12221AAEF1F00E8BF73 /* ServerProvidedAnimation */ = {
			isa = PBXNativeTarget;
			buildConfigurationList = 3EB6A13521AAEF2200E8BF73 /* Build configuration list for PBXNativeTarget "ServerProvidedAnimation" */;
			buildPhases = (
				6537AECFE145DBC5A67ED53A /* [CP] Check Pods Manifest.lock */,
				3EB6A11F21AAEF1F00E8BF73 /* Sources */,
				3EB6A12021AAEF1F00E8BF73 /* Frameworks */,
				3EB6A12121AAEF1F00E8BF73 /* Resources */,
				DF7A1C1736EF7E82AFA87245 /* [CP] Embed Pods Frameworks */,
			);
			buildRules = (
			);
			dependencies = (
			);
			name = ServerProvidedAnimation;
			productName = ServerProvidedAnimation;
			productReference = 3EB6A12321AAEF1F00E8BF73 /* ServerProvidedAnimation.app */;
			productType = "com.apple.product-type.application";
		};
/* End PBXNativeTarget section */

/* Begin PBXProject section */
		3EB6A11B21AAEF1F00E8BF73 /* Project object */ = {
			isa = PBXProject;
			attributes = {
				LastSwiftUpdateCheck = 1010;
				LastUpgradeCheck = 1010;
				ORGANIZATIONNAME = "Valerii Chevtaev";
				TargetAttributes = {
					3EB6A12221AAEF1F00E8BF73 = {
						CreatedOnToolsVersion = 10.1;
					};
				};
			};
			buildConfigurationList = 3EB6A11E21AAEF1F00E8BF73 /* Build configuration list for PBXProject "ServerProvidedAnimation" */;
			compatibilityVersion = "Xcode 9.3";
			developmentRegion = en;
			hasScannedForEncodings = 0;
			knownRegions = (
				en,
				Base,
			);
			mainGroup = 3EB6A11A21AAEF1F00E8BF73;
			productRefGroup = 3EB6A12421AAEF1F00E8BF73 /* Products */;
			projectDirPath = "";
			projectRoot = "";
			targets = (
				3EB6A12221AAEF1F00E8BF73 /* ServerProvidedAnimation */,
			);
		};
/* End PBXProject section */

/* Begin PBXResourcesBuildPhase section */
		3EB6A12121AAEF1F00E8BF73 /* Resources */ = {
			isa = PBXResourcesBuildPhase;
			buildActionMask = 2147483647;
			files = (
				3EB6A13121AAEF2200E8BF73 /* LaunchScreen.storyboard in Resources */,
				3EB6A12E21AAEF2200E8BF73 /* Assets.xcassets in Resources */,
				3EB6A12C21AAEF1F00E8BF73 /* Main.storyboard in Resources */,
			);
			runOnlyForDeploymentPostprocessing = 0;
		};
/* End PBXResourcesBuildPhase section */

/* Begin PBXShellScriptBuildPhase section */
		6537AECFE145DBC5A67ED53A /* [CP] Check Pods Manifest.lock */ = {
			isa = PBXShellScriptBuildPhase;
			buildActionMask = 2147483647;
			files = (
			);
			inputPaths = (
				"${PODS_PODFILE_DIR_PATH}/Podfile.lock",
				"${PODS_ROOT}/Manifest.lock",
			);
			name = "[CP] Check Pods Manifest.lock";
			outputPaths = (
				"$(DERIVED_FILE_DIR)/Pods-ServerProvidedAnimation-checkManifestLockResult.txt",
			);
			runOnlyForDeploymentPostprocessing = 0;
			shellPath = /bin/sh;
			shellScript = "diff \"${PODS_PODFILE_DIR_PATH}/Podfile.lock\" \"${PODS_ROOT}/Manifest.lock\" > /dev/null\nif [ $? != 0 ] ; then\n    # print error to STDERR\n    echo \"error: The sandbox is not in sync with the Podfile.lock. Run 'pod install' or update your CocoaPods installation.\" >&2\n    exit 1\nfi\n# This output is used by Xcode 'outputs' to avoid re-running this script phase.\necho \"SUCCESS\" > \"${SCRIPT_OUTPUT_FILE_0}\"\n";
			showEnvVarsInLog = 0;
		};
		DF7A1C1736EF7E82AFA87245 /* [CP] Embed Pods Frameworks */ = {
			isa = PBXShellScriptBuildPhase;
			buildActionMask = 2147483647;
			files = (
			);
			inputPaths = (
				"${SRCROOT}/Pods/Target Support Files/Pods-ServerProvidedAnimation/Pods-ServerProvidedAnimation-frameworks.sh",
				"${BUILT_PRODUCTS_DIR}/lottie-ios/Lottie.framework",
			);
			name = "[CP] Embed Pods Frameworks";
			outputPaths = (
				"${TARGET_BUILD_DIR}/${FRAMEWORKS_FOLDER_PATH}/Lottie.framework",
			);
			runOnlyForDeploymentPostprocessing = 0;
			shellPath = /bin/sh;
			shellScript = "\"${SRCROOT}/Pods/Target Support Files/Pods-ServerProvidedAnimation/Pods-ServerProvidedAnimation-frameworks.sh\"\n";
			showEnvVarsInLog = 0;
		};
/* End PBXShellScriptBuildPhase section */

/* Begin PBXSourcesBuildPhase section */
		3EB6A11F21AAEF1F00E8BF73 /* Sources */ = {
			isa = PBXSourcesBuildPhase;
			buildActionMask = 2147483647;
			files = (
				3E47A1F221AB5A7800943E80 /* ViewModel.swift in Sources */,
				3EB6A12921AAEF1F00E8BF73 /* ViewController.swift in Sources */,
				3E47A1ED21AB3BD200943E80 /* AnimationsProviderProtocol.swift in Sources */,
				3E47A1EF21AB52DB00943E80 /* ServerAnimationProvider.swift in Sources */,
				3EB6A12721AAEF1F00E8BF73 /* AppDelegate.swift in Sources */,
			);
			runOnlyForDeploymentPostprocessing = 0;
		};
/* End PBXSourcesBuildPhase section */

/* Begin PBXVariantGroup section */
		3EB6A12A21AAEF1F00E8BF73 /* Main.storyboard */ = {
			isa = PBXVariantGroup;
			children = (
				3EB6A12B21AAEF1F00E8BF73 /* Base */,
			);
			name = Main.storyboard;
			sourceTree = "<group>";
		};
		3EB6A12F21AAEF2200E8BF73 /* LaunchScreen.storyboard */ = {
			isa = PBXVariantGroup;
			children = (
				3EB6A13021AAEF2200E8BF73 /* Base */,
			);
			name = LaunchScreen.storyboard;
			sourceTree = "<group>";
		};
/* End PBXVariantGroup section */

/* Begin XCBuildConfiguration section */
		3EB6A13321AAEF2200E8BF73 /* Debug */ = {
			isa = XCBuildConfiguration;
			buildSettings = {
				ALWAYS_SEARCH_USER_PATHS = NO;
				CLANG_ANALYZER_NONNULL = YES;
				CLANG_ANALYZER_NUMBER_OBJECT_CONVERSION = YES_AGGRESSIVE;
				CLANG_CXX_LANGUAGE_STANDARD = "gnu++14";
				CLANG_CXX_LIBRARY = "libc++";
				CLANG_ENABLE_MODULES = YES;
				CLANG_ENABLE_OBJC_ARC = YES;
				CLANG_ENABLE_OBJC_WEAK = YES;
				CLANG_WARN_BLOCK_CAPTURE_AUTORELEASING = YES;
				CLANG_WARN_BOOL_CONVERSION = YES;
				CLANG_WARN_COMMA = YES;
				CLANG_WARN_CONSTANT_CONVERSION = YES;
				CLANG_WARN_DEPRECATED_OBJC_IMPLEMENTATIONS = YES;
				CLANG_WARN_DIRECT_OBJC_ISA_USAGE = YES_ERROR;
				CLANG_WARN_DOCUMENTATION_COMMENTS = YES;
				CLANG_WARN_EMPTY_BODY = YES;
				CLANG_WARN_ENUM_CONVERSION = YES;
				CLANG_WARN_INFINITE_RECURSION = YES;
				CLANG_WARN_INT_CONVERSION = YES;
				CLANG_WARN_NON_LITERAL_NULL_CONVERSION = YES;
				CLANG_WARN_OBJC_IMPLICIT_RETAIN_SELF = YES;
				CLANG_WARN_OBJC_LITERAL_CONVERSION = YES;
				CLANG_WARN_OBJC_ROOT_CLASS = YES_ERROR;
				CLANG_WARN_RANGE_LOOP_ANALYSIS = YES;
				CLANG_WARN_STRICT_PROTOTYPES = YES;
				CLANG_WARN_SUSPICIOUS_MOVE = YES;
				CLANG_WARN_UNGUARDED_AVAILABILITY = YES_AGGRESSIVE;
				CLANG_WARN_UNREACHABLE_CODE = YES;
				CLANG_WARN__DUPLICATE_METHOD_MATCH = YES;
				CODE_SIGN_IDENTITY = "iPhone Developer";
				COPY_PHASE_STRIP = NO;
				DEBUG_INFORMATION_FORMAT = dwarf;
				ENABLE_STRICT_OBJC_MSGSEND = YES;
				ENABLE_TESTABILITY = YES;
				GCC_C_LANGUAGE_STANDARD = gnu11;
				GCC_DYNAMIC_NO_PIC = NO;
				GCC_NO_COMMON_BLOCKS = YES;
				GCC_OPTIMIZATION_LEVEL = 0;
				GCC_PREPROCESSOR_DEFINITIONS = (
					"DEBUG=1",
					"$(inherited)",
				);
				GCC_WARN_64_TO_32_BIT_CONVERSION = YES;
				GCC_WARN_ABOUT_RETURN_TYPE = YES_ERROR;
				GCC_WARN_UNDECLARED_SELECTOR = YES;
				GCC_WARN_UNINITIALIZED_AUTOS = YES_AGGRESSIVE;
				GCC_WARN_UNUSED_FUNCTION = YES;
				GCC_WARN_UNUSED_VARIABLE = YES;
				IPHONEOS_DEPLOYMENT_TARGET = 12.1;
				MTL_ENABLE_DEBUG_INFO = INCLUDE_SOURCE;
				MTL_FAST_MATH = YES;
				ONLY_ACTIVE_ARCH = YES;
				SDKROOT = iphoneos;
				SWIFT_ACTIVE_COMPILATION_CONDITIONS = DEBUG;
				SWIFT_OPTIMIZATION_LEVEL = "-Onone";
			};
			name = Debug;
		};
		3EB6A13421AAEF2200E8BF73 /* Release */ = {
			isa = XCBuildConfiguration;
			buildSettings = {
				ALWAYS_SEARCH_USER_PATHS = NO;
				CLANG_ANALYZER_NONNULL = YES;
				CLANG_ANALYZER_NUMBER_OBJECT_CONVERSION = YES_AGGRESSIVE;
				CLANG_CXX_LANGUAGE_STANDARD = "gnu++14";
				CLANG_CXX_LIBRARY = "libc++";
				CLANG_ENABLE_MODULES = YES;
				CLANG_ENABLE_OBJC_ARC = YES;
				CLANG_ENABLE_OBJC_WEAK = YES;
				CLANG_WARN_BLOCK_CAPTURE_AUTORELEASING = YES;
				CLANG_WARN_BOOL_CONVERSION = YES;
				CLANG_WARN_COMMA = YES;
				CLANG_WARN_CONSTANT_CONVERSION = YES;
				CLANG_WARN_DEPRECATED_OBJC_IMPLEMENTATIONS = YES;
				CLANG_WARN_DIRECT_OBJC_ISA_USAGE = YES_ERROR;
				CLANG_WARN_DOCUMENTATION_COMMENTS = YES;
				CLANG_WARN_EMPTY_BODY = YES;
				CLANG_WARN_ENUM_CONVERSION = YES;
				CLANG_WARN_INFINITE_RECURSION = YES;
				CLANG_WARN_INT_CONVERSION = YES;
				CLANG_WARN_NON_LITERAL_NULL_CONVERSION = YES;
				CLANG_WARN_OBJC_IMPLICIT_RETAIN_SELF = YES;
				CLANG_WARN_OBJC_LITERAL_CONVERSION = YES;
				CLANG_WARN_OBJC_ROOT_CLASS = YES_ERROR;
				CLANG_WARN_RANGE_LOOP_ANALYSIS = YES;
				CLANG_WARN_STRICT_PROTOTYPES = YES;
				CLANG_WARN_SUSPICIOUS_MOVE = YES;
				CLANG_WARN_UNGUARDED_AVAILABILITY = YES_AGGRESSIVE;
				CLANG_WARN_UNREACHABLE_CODE = YES;
				CLANG_WARN__DUPLICATE_METHOD_MATCH = YES;
				CODE_SIGN_IDENTITY = "iPhone Developer";
				COPY_PHASE_STRIP = NO;
				DEBUG_INFORMATION_FORMAT = "dwarf-with-dsym";
				ENABLE_NS_ASSERTIONS = NO;
				ENABLE_STRICT_OBJC_MSGSEND = YES;
				GCC_C_LANGUAGE_STANDARD = gnu11;
				GCC_NO_COMMON_BLOCKS = YES;
				GCC_WARN_64_TO_32_BIT_CONVERSION = YES;
				GCC_WARN_ABOUT_RETURN_TYPE = YES_ERROR;
				GCC_WARN_UNDECLARED_SELECTOR = YES;
				GCC_WARN_UNINITIALIZED_AUTOS = YES_AGGRESSIVE;
				GCC_WARN_UNUSED_FUNCTION = YES;
				GCC_WARN_UNUSED_VARIABLE = YES;
				IPHONEOS_DEPLOYMENT_TARGET = 12.1;
				MTL_ENABLE_DEBUG_INFO = NO;
				MTL_FAST_MATH = YES;
				SDKROOT = iphoneos;
				SWIFT_COMPILATION_MODE = wholemodule;
				SWIFT_OPTIMIZATION_LEVEL = "-O";
				VALIDATE_PRODUCT = YES;
			};
			name = Release;
		};
		3EB6A13621AAEF2200E8BF73 /* Debug */ = {
			isa = XCBuildConfiguration;
			baseConfigurationReference = 2047DE90E4DD25650F7BF606 /* Pods-ServerProvidedAnimation.debug.xcconfig */;
			buildSettings = {
				ASSETCATALOG_COMPILER_APPICON_NAME = AppIcon;
				CODE_SIGN_STYLE = Manual;
				DEVELOPMENT_TEAM = "";
				INFOPLIST_FILE = ServerProvidedAnimation/Info.plist;
				LD_RUNPATH_SEARCH_PATHS = (
					"$(inherited)",
					"@executable_path/Frameworks",
				);
				PRODUCT_BUNDLE_IDENTIFIER = com.badoo.dev.demo.ServerProvidedAnimation;
				PRODUCT_NAME = "$(TARGET_NAME)";
				PROVISIONING_PROFILE_SPECIFIER = "";
				SWIFT_VERSION = 4.2;
				TARGETED_DEVICE_FAMILY = "1,2";
			};
			name = Debug;
		};
		3EB6A13721AAEF2200E8BF73 /* Release */ = {
			isa = XCBuildConfiguration;
			baseConfigurationReference = 2BCF1626E0C39431BE8CE27E /* Pods-ServerProvidedAnimation.release.xcconfig */;
			buildSettings = {
				ASSETCATALOG_COMPILER_APPICON_NAME = AppIcon;
				CODE_SIGN_STYLE = Manual;
				DEVELOPMENT_TEAM = "";
				INFOPLIST_FILE = ServerProvidedAnimation/Info.plist;
				LD_RUNPATH_SEARCH_PATHS = (
					"$(inherited)",
					"@executable_path/Frameworks",
				);
				PRODUCT_BUNDLE_IDENTIFIER = com.badoo.dev.demo.ServerProvidedAnimation;
				PRODUCT_NAME = "$(TARGET_NAME)";
				PROVISIONING_PROFILE_SPECIFIER = "";
				SWIFT_VERSION = 4.2;
				TARGETED_DEVICE_FAMILY = "1,2";
			};
			name = Release;
		};
/* End XCBuildConfiguration section */

/* Begin XCConfigurationList section */
		3EB6A11E21AAEF1F00E8BF73 /* Build configuration list for PBXProject "ServerProvidedAnimation" */ = {
			isa = XCConfigurationList;
			buildConfigurations = (
				3EB6A13321AAEF2200E8BF73 /* Debug */,
				3EB6A13421AAEF2200E8BF73 /* Release */,
			);
			defaultConfigurationIsVisible = 0;
			defaultConfigurationName = Release;
		};
		3EB6A13521AAEF2200E8BF73 /* Build configuration list for PBXNativeTarget "ServerProvidedAnimation" */ = {
			isa = XCConfigurationList;
			buildConfigurations = (
				3EB6A13621AAEF2200E8BF73 /* Debug */,
				3EB6A13721AAEF2200E8BF73 /* Release */,
			);
			defaultConfigurationIsVisible = 0;
			defaultConfigurationName = Release;
		};
/* End XCConfigurationList section */
	};
	rootObject = 3EB6A11B21AAEF1F00E8BF73 /* Project object */;
}
